
Microsoft Visual Studio Solution File, Format Version 12.00
# Visual Studio Version 17
VisualStudioVersion = 17.14.36511.14 d17.14
MinimumVisualStudioVersion = 10.0.40219.1
Project("{FAE04EC0-301F-11D3-BF4B-00C04F79EFBC}") = "LINQWithSimpleTypeArray", "LINQWithSimpleTypeArray\LINQWithSimpleTypeArray.csproj", "{6098934B-F163-4BDD-894C-02F2B1EBDE8D}"
EndProject
Global
	GlobalSection(SolutionConfigurationPlatforms) = preSolution
		Debug|Any CPU = Debug|Any CPU
		Release|Any CPU = Release|Any CPU
	EndGlobalSection
	GlobalSection(ProjectConfigurationPlatforms) = postSolution
		{6098934B-F163-4BDD-894C-02F2B1EBDE8D}.Debug|Any CPU.ActiveCfg = Debug|Any CPU
		{6098934B-F163-4BDD-894C-02F2B1EBDE8D}.Debug|Any CPU.Build.0 = Debug|Any CPU
		{6098934B-F163-4BDD-894C-02F2B1EBDE8D}.Release|Any CPU.ActiveCfg = Release|Any CPU
		{6098934B-F163-4BDD-894C-02F2B1EBDE8D}.Release|Any CPU.Build.0 = Release|Any CPU
	EndGlobalSection
	GlobalSection(SolutionProperties) = preSolution
		HideSolutionNode = FALSE
	EndGlobalSection
	GlobalSection(ExtensibilityGlobals) = postSolution
		SolutionGuid = {3F5E85F6-A01E-4021-A59E-08E65A58C41C}
	EndGlobalSection
EndGlobal
